
Microsoft Visual Studio Solution File, Format Version 12.00
# Visual Studio Version 17
VisualStudioVersion = 17.5.002.0
MinimumVisualStudioVersion = 10.0.40219.1
Project("{9A19103F-16F7-4668-BE54-9A1E7A4F7556}") = "Test3", "Task\Test3.csproj", "{E485157C-8EED-49E1-9886-76226A2172F9}"
EndProject
Project("{FAE04EC0-301F-11D3-BF4B-00C04F79EFBC}") = "TestsChat", "Tests\TestsChat.csproj", "{8B5206DC-D9EA-4D60-9A0E-B68CE85E9289}"
EndProject
Global
	GlobalSection(SolutionConfigurationPlatforms) = preSolution
		Debug|Any CPU = Debug|Any CPU
		Release|Any CPU = Release|Any CPU
	EndGlobalSection
	GlobalSection(ProjectConfigurationPlatforms) = postSolution
		{E485157C-8EED-49E1-9886-76226A2172F9}.Debug|Any CPU.ActiveCfg = Debug|Any CPU
		{E485157C-8EED-49E1-9886-76226A2172F9}.Debug|Any CPU.Build.0 = Debug|Any CPU
		{E485157C-8EED-49E1-9886-76226A2172F9}.Release|Any CPU.ActiveCfg = Release|Any CPU
		{E485157C-8EED-49E1-9886-76226A2172F9}.Release|Any CPU.Build.0 = Release|Any CPU
		{8B5206DC-D9EA-4D60-9A0E-B68CE85E9289}.Debug|Any CPU.ActiveCfg = Debug|Any CPU
		{8B5206DC-D9EA-4D60-9A0E-B68CE85E9289}.Debug|Any CPU.Build.0 = Debug|Any CPU
		{8B5206DC-D9EA-4D60-9A0E-B68CE85E9289}.Release|Any CPU.ActiveCfg = Release|Any CPU
		{8B5206DC-D9EA-4D60-9A0E-B68CE85E9289}.Release|Any CPU.Build.0 = Release|Any CPU
	EndGlobalSection
	GlobalSection(SolutionProperties) = preSolution
		HideSolutionNode = FALSE
	EndGlobalSection
	GlobalSection(ExtensibilityGlobals) = postSolution
		SolutionGuid = {7B478FE4-9780-457C-95A0-FBAB4DA97908}
	EndGlobalSection
EndGlobal
